
Microsoft Visual Studio Solution File, Format Version 12.00
# Visual Studio Version 17
VisualStudioVersion = 17.6.33723.286
MinimumVisualStudioVersion = 10.0.40219.1
Project("{8BC9CEB8-8B4A-11D0-8D11-00A0C91BC942}") = "UserMode", "UserMode\UserMode.vcxproj", "{AA6DC3C3-8D07-432F-9985-7F8195CBFBFB}"
EndProject
Project("{8BC9CEB8-8B4A-11D0-8D11-00A0C91BC942}") = "kernelmode", "kernelmode\kernelmode.vcxproj", "{480C9E50-C52F-4B46-B922-F88313F4ABC5}"
EndProject
Global
	GlobalSection(SolutionConfigurationPlatforms) = preSolution
		Debug|ARM64 = Debug|ARM64
		Debug|x64 = Debug|x64
		Debug|x86 = Debug|x86
		Release|ARM64 = Release|ARM64
		Release|x64 = Release|x64
		Release|x86 = Release|x86
	EndGlobalSection
	GlobalSection(ProjectConfigurationPlatforms) = postSolution
		{AA6DC3C3-8D07-432F-9985-7F8195CBFBFB}.Debug|ARM64.ActiveCfg = Debug|x64
		{AA6DC3C3-8D07-432F-9985-7F8195CBFBFB}.Debug|ARM64.Build.0 = Debug|x64
		{AA6DC3C3-8D07-432F-9985-7F8195CBFBFB}.Debug|x64.ActiveCfg = Debug|x64
		{AA6DC3C3-8D07-432F-9985-7F8195CBFBFB}.Debug|x64.Build.0 = Debug|x64
		{AA6DC3C3-8D07-432F-9985-7F8195CBFBFB}.Debug|x86.ActiveCfg = Debug|Win32
		{AA6DC3C3-8D07-432F-9985-7F8195CBFBFB}.Debug|x86.Build.0 = Debug|Win32
		{AA6DC3C3-8D07-432F-9985-7F8195CBFBFB}.Release|ARM64.ActiveCfg = Release|x64
		{AA6DC3C3-8D07-432F-9985-7F8195CBFBFB}.Release|ARM64.Build.0 = Release|x64
		{AA6DC3C3-8D07-432F-9985-7F8195CBFBFB}.Release|x64.ActiveCfg = Release|x64
		{AA6DC3C3-8D07-432F-9985-7F8195CBFBFB}.Release|x64.Build.0 = Release|x64
		{AA6DC3C3-8D07-432F-9985-7F8195CBFBFB}.Release|x86.ActiveCfg = Release|Win32
		{AA6DC3C3-8D07-432F-9985-7F8195CBFBFB}.Release|x86.Build.0 = Release|Win32
		{480C9E50-C52F-4B46-B922-F88313F4ABC5}.Debug|ARM64.ActiveCfg = Debug|ARM64
		{480C9E50-C52F-4B46-B922-F88313F4ABC5}.Debug|ARM64.Build.0 = Debug|ARM64
		{480C9E50-C52F-4B46-B922-F88313F4ABC5}.Debug|ARM64.Deploy.0 = Debug|ARM64
		{480C9E50-C52F-4B46-B922-F88313F4ABC5}.Debug|x64.ActiveCfg = Debug|x64
		{480C9E50-C52F-4B46-B922-F88313F4ABC5}.Debug|x64.Build.0 = Debug|x64
		{480C9E50-C52F-4B46-B922-F88313F4ABC5}.Debug|x64.Deploy.0 = Debug|x64
		{480C9E50-C52F-4B46-B922-F88313F4ABC5}.Debug|x86.ActiveCfg = Debug|x64
		{480C9E50-C52F-4B46-B922-F88313F4ABC5}.Debug|x86.Build.0 = Debug|x64
		{480C9E50-C52F-4B46-B922-F88313F4ABC5}.Debug|x86.Deploy.0 = Debug|x64
		{480C9E50-C52F-4B46-B922-F88313F4ABC5}.Release|ARM64.ActiveCfg = Release|ARM64
		{480C9E50-C52F-4B46-B922-F88313F4ABC5}.Release|ARM64.Build.0 = Release|ARM64
		{480C9E50-C52F-4B46-B922-F88313F4ABC5}.Release|ARM64.Deploy.0 = Release|ARM64
		{480C9E50-C52F-4B46-B922-F88313F4ABC5}.Release|x64.ActiveCfg = Release|x64
		{480C9E50-C52F-4B46-B922-F88313F4ABC5}.Release|x64.Build.0 = Release|x64
		{480C9E50-C52F-4B46-B922-F88313F4ABC5}.Release|x64.Deploy.0 = Release|x64
		{480C9E50-C52F-4B46-B922-F88313F4ABC5}.Release|x86.ActiveCfg = Release|x64
		{480C9E50-C52F-4B46-B922-F88313F4ABC5}.Release|x86.Build.0 = Release|x64
		{480C9E50-C52F-4B46-B922-F88313F4ABC5}.Release|x86.Deploy.0 = Release|x64
	EndGlobalSection
	GlobalSection(SolutionProperties) = preSolution
		HideSolutionNode = FALSE
	EndGlobalSection
	GlobalSection(ExtensibilityGlobals) = postSolution
		SolutionGuid = {7C576411-4936-42A0-B7BA-ECF8C352093C}
	EndGlobalSection
EndGlobal
