
Microsoft Visual Studio Solution File, Format Version 12.00
# Visual Studio Version 17
VisualStudioVersion = 17.6.33723.286
MinimumVisualStudioVersion = 10.0.40219.1
Project("{8BC9CEB8-8B4A-11D0-8D11-00A0C91BC942}") = "usermode", "usermode\UserMode.vcxproj", "{AA6DC3C3-8D07-432F-9985-7F8195CBFBFB}"
EndProject
Project("{8BC9CEB8-8B4A-11D0-8D11-00A0C91BC942}") = "kernelmode", "kernelmode\kernelmode.vcxproj", "{480C9E50-C52F-4B46-B922-F88313F4ABC5}"
EndProject
Project("{888888A0-9F3D-457C-B088-3A5042F75D52}") = "PythonExtentions", "PythonExtentions\PythonExtentions.pyproj", "{D38CC719-9442-4195-8168-7B00FFD98E09}"
EndProject
Global
	GlobalSection(SolutionConfigurationPlatforms) = preSolution
		Debug|Any CPU = Debug|Any CPU
		Debug|ARM64 = Debug|ARM64
		Debug|x64 = Debug|x64
		Debug|x86 = Debug|x86
		GUI_DEBUG|Any CPU = GUI_DEBUG|Any CPU
		GUI_DEBUG|ARM64 = GUI_DEBUG|ARM64
		GUI_DEBUG|x64 = GUI_DEBUG|x64
		GUI_DEBUG|x86 = GUI_DEBUG|x86
		lib-Debug|Any CPU = lib-Debug|Any CPU
		lib-Debug|ARM64 = lib-Debug|ARM64
		lib-Debug|x64 = lib-Debug|x64
		lib-Debug|x86 = lib-Debug|x86
		lib-Release|Any CPU = lib-Release|Any CPU
		lib-Release|ARM64 = lib-Release|ARM64
		lib-Release|x64 = lib-Release|x64
		lib-Release|x86 = lib-Release|x86
		Release|Any CPU = Release|Any CPU
		Release|ARM64 = Release|ARM64
		Release|x64 = Release|x64
		Release|x86 = Release|x86
	EndGlobalSection
	GlobalSection(ProjectConfigurationPlatforms) = postSolution
		{AA6DC3C3-8D07-432F-9985-7F8195CBFBFB}.Debug|Any CPU.ActiveCfg = Debug|x64
		{AA6DC3C3-8D07-432F-9985-7F8195CBFBFB}.Debug|Any CPU.Build.0 = Debug|x64
		{AA6DC3C3-8D07-432F-9985-7F8195CBFBFB}.Debug|ARM64.ActiveCfg = Debug|x64
		{AA6DC3C3-8D07-432F-9985-7F8195CBFBFB}.Debug|ARM64.Build.0 = Debug|x64
		{AA6DC3C3-8D07-432F-9985-7F8195CBFBFB}.Debug|x64.ActiveCfg = Debug|x64
		{AA6DC3C3-8D07-432F-9985-7F8195CBFBFB}.Debug|x64.Build.0 = Debug|x64
		{AA6DC3C3-8D07-432F-9985-7F8195CBFBFB}.Debug|x86.ActiveCfg = Debug|Win32
		{AA6DC3C3-8D07-432F-9985-7F8195CBFBFB}.Debug|x86.Build.0 = Debug|Win32
		{AA6DC3C3-8D07-432F-9985-7F8195CBFBFB}.GUI_DEBUG|Any CPU.ActiveCfg = GUI_DEBUG|x64
		{AA6DC3C3-8D07-432F-9985-7F8195CBFBFB}.GUI_DEBUG|Any CPU.Build.0 = GUI_DEBUG|x64
		{AA6DC3C3-8D07-432F-9985-7F8195CBFBFB}.GUI_DEBUG|ARM64.ActiveCfg = GUI_DEBUG|x64
		{AA6DC3C3-8D07-432F-9985-7F8195CBFBFB}.GUI_DEBUG|ARM64.Build.0 = GUI_DEBUG|x64
		{AA6DC3C3-8D07-432F-9985-7F8195CBFBFB}.GUI_DEBUG|x64.ActiveCfg = GUI_DEBUG|x64
		{AA6DC3C3-8D07-432F-9985-7F8195CBFBFB}.GUI_DEBUG|x64.Build.0 = GUI_DEBUG|x64
		{AA6DC3C3-8D07-432F-9985-7F8195CBFBFB}.GUI_DEBUG|x86.ActiveCfg = GUI_DEBUG|Win32
		{AA6DC3C3-8D07-432F-9985-7F8195CBFBFB}.GUI_DEBUG|x86.Build.0 = GUI_DEBUG|Win32
		{AA6DC3C3-8D07-432F-9985-7F8195CBFBFB}.lib-Debug|Any CPU.ActiveCfg = Debug|x64
		{AA6DC3C3-8D07-432F-9985-7F8195CBFBFB}.lib-Debug|Any CPU.Build.0 = Debug|x64
		{AA6DC3C3-8D07-432F-9985-7F8195CBFBFB}.lib-Debug|ARM64.ActiveCfg = Debug|x64
		{AA6DC3C3-8D07-432F-9985-7F8195CBFBFB}.lib-Debug|ARM64.Build.0 = Debug|x64
		{AA6DC3C3-8D07-432F-9985-7F8195CBFBFB}.lib-Debug|x64.ActiveCfg = Debug|x64
		{AA6DC3C3-8D07-432F-9985-7F8195CBFBFB}.lib-Debug|x64.Build.0 = Debug|x64
		{AA6DC3C3-8D07-432F-9985-7F8195CBFBFB}.lib-Debug|x86.ActiveCfg = Debug|Win32
		{AA6DC3C3-8D07-432F-9985-7F8195CBFBFB}.lib-Debug|x86.Build.0 = Debug|Win32
		{AA6DC3C3-8D07-432F-9985-7F8195CBFBFB}.lib-Release|Any CPU.ActiveCfg = Release|x64
		{AA6DC3C3-8D07-432F-9985-7F8195CBFBFB}.lib-Release|Any CPU.Build.0 = Release|x64
		{AA6DC3C3-8D07-432F-9985-7F8195CBFBFB}.lib-Release|ARM64.ActiveCfg = Release|x64
		{AA6DC3C3-8D07-432F-9985-7F8195CBFBFB}.lib-Release|ARM64.Build.0 = Release|x64
		{AA6DC3C3-8D07-432F-9985-7F8195CBFBFB}.lib-Release|x64.ActiveCfg = Release|x64
		{AA6DC3C3-8D07-432F-9985-7F8195CBFBFB}.lib-Release|x64.Build.0 = Release|x64
		{AA6DC3C3-8D07-432F-9985-7F8195CBFBFB}.lib-Release|x86.ActiveCfg = Release|Win32
		{AA6DC3C3-8D07-432F-9985-7F8195CBFBFB}.lib-Release|x86.Build.0 = Release|Win32
		{AA6DC3C3-8D07-432F-9985-7F8195CBFBFB}.Release|Any CPU.ActiveCfg = Release|x64
		{AA6DC3C3-8D07-432F-9985-7F8195CBFBFB}.Release|Any CPU.Build.0 = Release|x64
		{AA6DC3C3-8D07-432F-9985-7F8195CBFBFB}.Release|ARM64.ActiveCfg = Release|x64
		{AA6DC3C3-8D07-432F-9985-7F8195CBFBFB}.Release|ARM64.Build.0 = Release|x64
		{AA6DC3C3-8D07-432F-9985-7F8195CBFBFB}.Release|x64.ActiveCfg = Release|x64
		{AA6DC3C3-8D07-432F-9985-7F8195CBFBFB}.Release|x64.Build.0 = Release|x64
		{AA6DC3C3-8D07-432F-9985-7F8195CBFBFB}.Release|x86.ActiveCfg = Release|Win32
		{AA6DC3C3-8D07-432F-9985-7F8195CBFBFB}.Release|x86.Build.0 = Release|Win32
		{480C9E50-C52F-4B46-B922-F88313F4ABC5}.Debug|Any CPU.ActiveCfg = Debug|x64
		{480C9E50-C52F-4B46-B922-F88313F4ABC5}.Debug|Any CPU.Build.0 = Debug|x64
		{480C9E50-C52F-4B46-B922-F88313F4ABC5}.Debug|Any CPU.Deploy.0 = Debug|x64
		{480C9E50-C52F-4B46-B922-F88313F4ABC5}.Debug|ARM64.ActiveCfg = Debug|ARM64
		{480C9E50-C52F-4B46-B922-F88313F4ABC5}.Debug|ARM64.Build.0 = Debug|ARM64
		{480C9E50-C52F-4B46-B922-F88313F4ABC5}.Debug|ARM64.Deploy.0 = Debug|ARM64
		{480C9E50-C52F-4B46-B922-F88313F4ABC5}.Debug|x64.ActiveCfg = Debug|x64
		{480C9E50-C52F-4B46-B922-F88313F4ABC5}.Debug|x64.Build.0 = Debug|x64
		{480C9E50-C52F-4B46-B922-F88313F4ABC5}.Debug|x64.Deploy.0 = Debug|x64
		{480C9E50-C52F-4B46-B922-F88313F4ABC5}.Debug|x86.ActiveCfg = Debug|x64
		{480C9E50-C52F-4B46-B922-F88313F4ABC5}.Debug|x86.Build.0 = Debug|x64
		{480C9E50-C52F-4B46-B922-F88313F4ABC5}.Debug|x86.Deploy.0 = Debug|x64
		{480C9E50-C52F-4B46-B922-F88313F4ABC5}.GUI_DEBUG|Any CPU.ActiveCfg = Release|x64
		{480C9E50-C52F-4B46-B922-F88313F4ABC5}.GUI_DEBUG|Any CPU.Build.0 = Release|x64
		{480C9E50-C52F-4B46-B922-F88313F4ABC5}.GUI_DEBUG|Any CPU.Deploy.0 = Release|x64
		{480C9E50-C52F-4B46-B922-F88313F4ABC5}.GUI_DEBUG|ARM64.ActiveCfg = Release|ARM64
		{480C9E50-C52F-4B46-B922-F88313F4ABC5}.GUI_DEBUG|ARM64.Build.0 = Release|ARM64
		{480C9E50-C52F-4B46-B922-F88313F4ABC5}.GUI_DEBUG|ARM64.Deploy.0 = Release|ARM64
		{480C9E50-C52F-4B46-B922-F88313F4ABC5}.GUI_DEBUG|x64.ActiveCfg = Release|x64
		{480C9E50-C52F-4B46-B922-F88313F4ABC5}.GUI_DEBUG|x64.Build.0 = Release|x64
		{480C9E50-C52F-4B46-B922-F88313F4ABC5}.GUI_DEBUG|x64.Deploy.0 = Release|x64
		{480C9E50-C52F-4B46-B922-F88313F4ABC5}.GUI_DEBUG|x86.ActiveCfg = Release|x64
		{480C9E50-C52F-4B46-B922-F88313F4ABC5}.GUI_DEBUG|x86.Build.0 = Release|x64
		{480C9E50-C52F-4B46-B922-F88313F4ABC5}.GUI_DEBUG|x86.Deploy.0 = Release|x64
		{480C9E50-C52F-4B46-B922-F88313F4ABC5}.lib-Debug|Any CPU.ActiveCfg = Debug|x64
		{480C9E50-C52F-4B46-B922-F88313F4ABC5}.lib-Debug|Any CPU.Build.0 = Debug|x64
		{480C9E50-C52F-4B46-B922-F88313F4ABC5}.lib-Debug|Any CPU.Deploy.0 = Debug|x64
		{480C9E50-C52F-4B46-B922-F88313F4ABC5}.lib-Debug|ARM64.ActiveCfg = Debug|ARM64
		{480C9E50-C52F-4B46-B922-F88313F4ABC5}.lib-Debug|ARM64.Build.0 = Debug|ARM64
		{480C9E50-C52F-4B46-B922-F88313F4ABC5}.lib-Debug|ARM64.Deploy.0 = Debug|ARM64
		{480C9E50-C52F-4B46-B922-F88313F4ABC5}.lib-Debug|x64.ActiveCfg = Debug|x64
		{480C9E50-C52F-4B46-B922-F88313F4ABC5}.lib-Debug|x64.Build.0 = Debug|x64
		{480C9E50-C52F-4B46-B922-F88313F4ABC5}.lib-Debug|x64.Deploy.0 = Debug|x64
		{480C9E50-C52F-4B46-B922-F88313F4ABC5}.lib-Debug|x86.ActiveCfg = Debug|x64
		{480C9E50-C52F-4B46-B922-F88313F4ABC5}.lib-Debug|x86.Build.0 = Debug|x64
		{480C9E50-C52F-4B46-B922-F88313F4ABC5}.lib-Debug|x86.Deploy.0 = Debug|x64
		{480C9E50-C52F-4B46-B922-F88313F4ABC5}.lib-Release|Any CPU.ActiveCfg = Release|x64
		{480C9E50-C52F-4B46-B922-F88313F4ABC5}.lib-Release|Any CPU.Build.0 = Release|x64
		{480C9E50-C52F-4B46-B922-F88313F4ABC5}.lib-Release|Any CPU.Deploy.0 = Release|x64
		{480C9E50-C52F-4B46-B922-F88313F4ABC5}.lib-Release|ARM64.ActiveCfg = Release|ARM64
		{480C9E50-C52F-4B46-B922-F88313F4ABC5}.lib-Release|ARM64.Build.0 = Release|ARM64
		{480C9E50-C52F-4B46-B922-F88313F4ABC5}.lib-Release|ARM64.Deploy.0 = Release|ARM64
		{480C9E50-C52F-4B46-B922-F88313F4ABC5}.lib-Release|x64.ActiveCfg = Release|x64
		{480C9E50-C52F-4B46-B922-F88313F4ABC5}.lib-Release|x64.Build.0 = Release|x64
		{480C9E50-C52F-4B46-B922-F88313F4ABC5}.lib-Release|x64.Deploy.0 = Release|x64
		{480C9E50-C52F-4B46-B922-F88313F4ABC5}.lib-Release|x86.ActiveCfg = Release|x64
		{480C9E50-C52F-4B46-B922-F88313F4ABC5}.lib-Release|x86.Build.0 = Release|x64
		{480C9E50-C52F-4B46-B922-F88313F4ABC5}.lib-Release|x86.Deploy.0 = Release|x64
		{480C9E50-C52F-4B46-B922-F88313F4ABC5}.Release|Any CPU.ActiveCfg = Release|x64
		{480C9E50-C52F-4B46-B922-F88313F4ABC5}.Release|Any CPU.Build.0 = Release|x64
		{480C9E50-C52F-4B46-B922-F88313F4ABC5}.Release|Any CPU.Deploy.0 = Release|x64
		{480C9E50-C52F-4B46-B922-F88313F4ABC5}.Release|ARM64.ActiveCfg = Release|ARM64
		{480C9E50-C52F-4B46-B922-F88313F4ABC5}.Release|ARM64.Build.0 = Release|ARM64
		{480C9E50-C52F-4B46-B922-F88313F4ABC5}.Release|ARM64.Deploy.0 = Release|ARM64
		{480C9E50-C52F-4B46-B922-F88313F4ABC5}.Release|x64.ActiveCfg = Release|x64
		{480C9E50-C52F-4B46-B922-F88313F4ABC5}.Release|x64.Build.0 = Release|x64
		{480C9E50-C52F-4B46-B922-F88313F4ABC5}.Release|x64.Deploy.0 = Release|x64
		{480C9E50-C52F-4B46-B922-F88313F4ABC5}.Release|x86.ActiveCfg = Release|x64
		{480C9E50-C52F-4B46-B922-F88313F4ABC5}.Release|x86.Build.0 = Release|x64
		{480C9E50-C52F-4B46-B922-F88313F4ABC5}.Release|x86.Deploy.0 = Release|x64
		{D38CC719-9442-4195-8168-7B00FFD98E09}.Debug|Any CPU.ActiveCfg = Debug|Any CPU
		{D38CC719-9442-4195-8168-7B00FFD98E09}.Debug|ARM64.ActiveCfg = Debug|Any CPU
		{D38CC719-9442-4195-8168-7B00FFD98E09}.Debug|x64.ActiveCfg = Debug|Any CPU
		{D38CC719-9442-4195-8168-7B00FFD98E09}.Debug|x86.ActiveCfg = Debug|Any CPU
		{D38CC719-9442-4195-8168-7B00FFD98E09}.GUI_DEBUG|Any CPU.ActiveCfg = Debug|Any CPU
		{D38CC719-9442-4195-8168-7B00FFD98E09}.GUI_DEBUG|ARM64.ActiveCfg = Debug|Any CPU
		{D38CC719-9442-4195-8168-7B00FFD98E09}.GUI_DEBUG|x64.ActiveCfg = Debug|Any CPU
		{D38CC719-9442-4195-8168-7B00FFD98E09}.GUI_DEBUG|x86.ActiveCfg = Debug|Any CPU
		{D38CC719-9442-4195-8168-7B00FFD98E09}.lib-Debug|Any CPU.ActiveCfg = Debug|Any CPU
		{D38CC719-9442-4195-8168-7B00FFD98E09}.lib-Debug|ARM64.ActiveCfg = Debug|Any CPU
		{D38CC719-9442-4195-8168-7B00FFD98E09}.lib-Debug|x64.ActiveCfg = Debug|Any CPU
		{D38CC719-9442-4195-8168-7B00FFD98E09}.lib-Debug|x86.ActiveCfg = Debug|Any CPU
		{D38CC719-9442-4195-8168-7B00FFD98E09}.lib-Release|Any CPU.ActiveCfg = Release|Any CPU
		{D38CC719-9442-4195-8168-7B00FFD98E09}.lib-Release|ARM64.ActiveCfg = Release|Any CPU
		{D38CC719-9442-4195-8168-7B00FFD98E09}.lib-Release|x64.ActiveCfg = Release|Any CPU
		{D38CC719-9442-4195-8168-7B00FFD98E09}.lib-Release|x86.ActiveCfg = Release|Any CPU
		{D38CC719-9442-4195-8168-7B00FFD98E09}.Release|Any CPU.ActiveCfg = Release|Any CPU
		{D38CC719-9442-4195-8168-7B00FFD98E09}.Release|ARM64.ActiveCfg = Release|Any CPU
		{D38CC719-9442-4195-8168-7B00FFD98E09}.Release|x64.ActiveCfg = Release|Any CPU
		{D38CC719-9442-4195-8168-7B00FFD98E09}.Release|x86.ActiveCfg = Release|Any CPU
	EndGlobalSection
	GlobalSection(SolutionProperties) = preSolution
		HideSolutionNode = FALSE
	EndGlobalSection
	GlobalSection(ExtensibilityGlobals) = postSolution
		SolutionGuid = {7C576411-4936-42A0-B7BA-ECF8C352093C}
	EndGlobalSection
EndGlobal
